
Microsoft Visual Studio Solution File, Format Version 12.00
# Visual Studio Version 17
VisualStudioVersion = 17.8.34330.188
MinimumVisualStudioVersion = 10.0.40219.1
Project("{9A19103F-16F7-4668-BE54-9A1E7A4F7556}") = "EMS_App", "EMS_App.csproj", "{7DB40152-C70E-4DF1-B66C-74DD24448D66}"
EndProject
Project("{9A19103F-16F7-4668-BE54-9A1E7A4F7556}") = "BusinessLogics", "..\BusinessLogics\BusinessLogics.csproj", "{D9A391CA-2B21-48C5-9A7F-0D3719F2CA42}"
EndProject
Project("{9A19103F-16F7-4668-BE54-9A1E7A4F7556}") = "DataAccessLayer", "..\DataAccessLayer\DataAccessLayer.csproj", "{EDCFBB51-120C-4C20-83BA-AA7CD8B2303C}"
EndProject
Project("{9A19103F-16F7-4668-BE54-9A1E7A4F7556}") = "Utilities", "..\Utilities\Utilities.csproj", "{A4A5D5C7-D0EE-4B19-B879-E14461627EAE}"
EndProject
Project("{9A19103F-16F7-4668-BE54-9A1E7A4F7556}") = "Services", "..\Services\Services.csproj", "{65D4FF08-0E21-4B41-850E-7D45DF4605A3}"
EndProject
Project("{00D1A9C2-B5F0-4AF3-8072-F6C62B433612}") = "Ems.Database.Project", "..\Ems.Database.Project\Ems.Database.Project.sqlproj", "{330B10BB-617E-4CDF-A826-BF47B118423B}"
EndProject
Project("{FAE04EC0-301F-11D3-BF4B-00C04F79EFBC}") = "ems.Functions", "..\ems.Functions\ems.Functions.csproj", "{8FCBAF6D-A3A3-4941-98E4-0CF632AC9966}"
EndProject
Project("{FAE04EC0-301F-11D3-BF4B-00C04F79EFBC}") = "AzureServices", "..\AzureServices\AzureServices.csproj", "{0182D461-37E1-4C3D-AAA5-103916113FE1}"
EndProject
Global
	GlobalSection(SolutionConfigurationPlatforms) = preSolution
		Debug|Any CPU = Debug|Any CPU
		Release|Any CPU = Release|Any CPU
	EndGlobalSection
	GlobalSection(ProjectConfigurationPlatforms) = postSolution
		{7DB40152-C70E-4DF1-B66C-74DD24448D66}.Debug|Any CPU.ActiveCfg = Debug|Any CPU
		{7DB40152-C70E-4DF1-B66C-74DD24448D66}.Debug|Any CPU.Build.0 = Debug|Any CPU
		{7DB40152-C70E-4DF1-B66C-74DD24448D66}.Release|Any CPU.ActiveCfg = Release|Any CPU
		{7DB40152-C70E-4DF1-B66C-74DD24448D66}.Release|Any CPU.Build.0 = Release|Any CPU
		{D9A391CA-2B21-48C5-9A7F-0D3719F2CA42}.Debug|Any CPU.ActiveCfg = Debug|Any CPU
		{D9A391CA-2B21-48C5-9A7F-0D3719F2CA42}.Debug|Any CPU.Build.0 = Debug|Any CPU
		{D9A391CA-2B21-48C5-9A7F-0D3719F2CA42}.Release|Any CPU.ActiveCfg = Release|Any CPU
		{D9A391CA-2B21-48C5-9A7F-0D3719F2CA42}.Release|Any CPU.Build.0 = Release|Any CPU
		{EDCFBB51-120C-4C20-83BA-AA7CD8B2303C}.Debug|Any CPU.ActiveCfg = Debug|Any CPU
		{EDCFBB51-120C-4C20-83BA-AA7CD8B2303C}.Debug|Any CPU.Build.0 = Debug|Any CPU
		{EDCFBB51-120C-4C20-83BA-AA7CD8B2303C}.Release|Any CPU.ActiveCfg = Release|Any CPU
		{EDCFBB51-120C-4C20-83BA-AA7CD8B2303C}.Release|Any CPU.Build.0 = Release|Any CPU
		{A4A5D5C7-D0EE-4B19-B879-E14461627EAE}.Debug|Any CPU.ActiveCfg = Debug|Any CPU
		{A4A5D5C7-D0EE-4B19-B879-E14461627EAE}.Debug|Any CPU.Build.0 = Debug|Any CPU
		{A4A5D5C7-D0EE-4B19-B879-E14461627EAE}.Release|Any CPU.ActiveCfg = Release|Any CPU
		{A4A5D5C7-D0EE-4B19-B879-E14461627EAE}.Release|Any CPU.Build.0 = Release|Any CPU
		{65D4FF08-0E21-4B41-850E-7D45DF4605A3}.Debug|Any CPU.ActiveCfg = Debug|Any CPU
		{65D4FF08-0E21-4B41-850E-7D45DF4605A3}.Debug|Any CPU.Build.0 = Debug|Any CPU
		{65D4FF08-0E21-4B41-850E-7D45DF4605A3}.Release|Any CPU.ActiveCfg = Release|Any CPU
		{65D4FF08-0E21-4B41-850E-7D45DF4605A3}.Release|Any CPU.Build.0 = Release|Any CPU
		{330B10BB-617E-4CDF-A826-BF47B118423B}.Debug|Any CPU.ActiveCfg = Debug|Any CPU
		{330B10BB-617E-4CDF-A826-BF47B118423B}.Debug|Any CPU.Build.0 = Debug|Any CPU
		{330B10BB-617E-4CDF-A826-BF47B118423B}.Debug|Any CPU.Deploy.0 = Debug|Any CPU
		{330B10BB-617E-4CDF-A826-BF47B118423B}.Release|Any CPU.ActiveCfg = Release|Any CPU
		{330B10BB-617E-4CDF-A826-BF47B118423B}.Release|Any CPU.Build.0 = Release|Any CPU
		{330B10BB-617E-4CDF-A826-BF47B118423B}.Release|Any CPU.Deploy.0 = Release|Any CPU
		{8FCBAF6D-A3A3-4941-98E4-0CF632AC9966}.Debug|Any CPU.ActiveCfg = Debug|Any CPU
		{8FCBAF6D-A3A3-4941-98E4-0CF632AC9966}.Debug|Any CPU.Build.0 = Debug|Any CPU
		{8FCBAF6D-A3A3-4941-98E4-0CF632AC9966}.Release|Any CPU.ActiveCfg = Release|Any CPU
		{8FCBAF6D-A3A3-4941-98E4-0CF632AC9966}.Release|Any CPU.Build.0 = Release|Any CPU
		{0182D461-37E1-4C3D-AAA5-103916113FE1}.Debug|Any CPU.ActiveCfg = Debug|Any CPU
		{0182D461-37E1-4C3D-AAA5-103916113FE1}.Debug|Any CPU.Build.0 = Debug|Any CPU
		{0182D461-37E1-4C3D-AAA5-103916113FE1}.Release|Any CPU.ActiveCfg = Release|Any CPU
		{0182D461-37E1-4C3D-AAA5-103916113FE1}.Release|Any CPU.Build.0 = Release|Any CPU
	EndGlobalSection
	GlobalSection(SolutionProperties) = preSolution
		HideSolutionNode = FALSE
	EndGlobalSection
	GlobalSection(ExtensibilityGlobals) = postSolution
		SolutionGuid = {33636665-DEFF-4066-8EF1-CF92E2F2803E}
	EndGlobalSection
EndGlobal
